
Microsoft Visual Studio Solution File, Format Version 12.00
# Visual Studio Version 17
VisualStudioVersion = 17.14.36623.8 d17.14
MinimumVisualStudioVersion = 10.0.40219.1
Project("{FAE04EC0-301F-11D3-BF4B-00C04F79EFBC}") = "Ergo.Fit", "Ergo.Fit.csproj", "{7201074B-F23F-4356-A2DC-127090933A4F}"
EndProject
Global
	GlobalSection(SolutionConfigurationPlatforms) = preSolution
		Debug|Any CPU = Debug|Any CPU
		Release|Any CPU = Release|Any CPU
	EndGlobalSection
	GlobalSection(ProjectConfigurationPlatforms) = postSolution
		{7201074B-F23F-4356-A2DC-127090933A4F}.Debug|Any CPU.ActiveCfg = Debug|Any CPU
		{7201074B-F23F-4356-A2DC-127090933A4F}.Debug|Any CPU.Build.0 = Debug|Any CPU
		{7201074B-F23F-4356-A2DC-127090933A4F}.Release|Any CPU.ActiveCfg = Release|Any CPU
		{7201074B-F23F-4356-A2DC-127090933A4F}.Release|Any CPU.Build.0 = Release|Any CPU
	EndGlobalSection
	GlobalSection(SolutionProperties) = preSolution
		HideSolutionNode = FALSE
	EndGlobalSection
	GlobalSection(ExtensibilityGlobals) = postSolution
		SolutionGuid = {964DE3AE-3CCD-4E32-B734-17A47CC1DB41}
	EndGlobalSection
EndGlobal
